
Microsoft Visual Studio Solution File, Format Version 12.00
# Visual Studio Version 16
VisualStudioVersion = 16.0.31005.135
MinimumVisualStudioVersion = 10.0.40219.1
Project("{FAE04EC0-301F-11D3-BF4B-00C04F79EFBC}") = "TheDebtBook", "TheDebtBook\TheDebtBook.csproj", "{39C8D695-BC1C-4C81-8922-24EC07CE614B}"
EndProject
Global
	GlobalSection(SolutionConfigurationPlatforms) = preSolution
		Debug|Any CPU = Debug|Any CPU
		Release|Any CPU = Release|Any CPU
	EndGlobalSection
	GlobalSection(ProjectConfigurationPlatforms) = postSolution
		{39C8D695-BC1C-4C81-8922-24EC07CE614B}.Debug|Any CPU.ActiveCfg = Debug|Any CPU
		{39C8D695-BC1C-4C81-8922-24EC07CE614B}.Debug|Any CPU.Build.0 = Debug|Any CPU
		{39C8D695-BC1C-4C81-8922-24EC07CE614B}.Release|Any CPU.ActiveCfg = Release|Any CPU
		{39C8D695-BC1C-4C81-8922-24EC07CE614B}.Release|Any CPU.Build.0 = Release|Any CPU
	EndGlobalSection
	GlobalSection(SolutionProperties) = preSolution
		HideSolutionNode = FALSE
	EndGlobalSection
	GlobalSection(ExtensibilityGlobals) = postSolution
		SolutionGuid = {9B5542FC-3F67-46B2-A18E-79989CBEF0A5}
	EndGlobalSection
EndGlobal
